
Microsoft Visual Studio Solution File, Format Version 12.00
# Visual Studio Version 16
VisualStudioVersion = 16.0.30011.22
MinimumVisualStudioVersion = 10.0.40219.1
Project("{FAE04EC0-301F-11D3-BF4B-00C04F79EFBC}") = "Covid19_Bolivia.Android", "Covid19_Bolivia.Android\Covid19_Bolivia.Android.csproj", "{06A0A7E7-2307-4914-B4D1-6421FD885765}"
EndProject
Project("{FAE04EC0-301F-11D3-BF4B-00C04F79EFBC}") = "Covid19_Bolivia.iOS", "Covid19_Bolivia.iOS\Covid19_Bolivia.iOS.csproj", "{83C724A6-B01E-4596-8372-11D717722D23}"
EndProject
Project("{FAE04EC0-301F-11D3-BF4B-00C04F79EFBC}") = "Covid19_Bolivia", "Covid19_Bolivia\Covid19_Bolivia.csproj", "{698DA51C-C96D-46B1-BF7E-7CD00956A03B}"
EndProject
Global
	GlobalSection(SolutionConfigurationPlatforms) = preSolution
		Debug|Any CPU = Debug|Any CPU
		Debug|iPhone = Debug|iPhone
		Debug|iPhoneSimulator = Debug|iPhoneSimulator
		Release|Any CPU = Release|Any CPU
		Release|iPhone = Release|iPhone
		Release|iPhoneSimulator = Release|iPhoneSimulator
	EndGlobalSection
	GlobalSection(ProjectConfigurationPlatforms) = postSolution
		{06A0A7E7-2307-4914-B4D1-6421FD885765}.Debug|Any CPU.ActiveCfg = Debug|Any CPU
		{06A0A7E7-2307-4914-B4D1-6421FD885765}.Debug|Any CPU.Build.0 = Debug|Any CPU
		{06A0A7E7-2307-4914-B4D1-6421FD885765}.Debug|Any CPU.Deploy.0 = Debug|Any CPU
		{06A0A7E7-2307-4914-B4D1-6421FD885765}.Debug|iPhone.ActiveCfg = Debug|Any CPU
		{06A0A7E7-2307-4914-B4D1-6421FD885765}.Debug|iPhone.Build.0 = Debug|Any CPU
		{06A0A7E7-2307-4914-B4D1-6421FD885765}.Debug|iPhone.Deploy.0 = Debug|Any CPU
		{06A0A7E7-2307-4914-B4D1-6421FD885765}.Debug|iPhoneSimulator.ActiveCfg = Debug|Any CPU
		{06A0A7E7-2307-4914-B4D1-6421FD885765}.Debug|iPhoneSimulator.Build.0 = Debug|Any CPU
		{06A0A7E7-2307-4914-B4D1-6421FD885765}.Debug|iPhoneSimulator.Deploy.0 = Debug|Any CPU
		{06A0A7E7-2307-4914-B4D1-6421FD885765}.Release|Any CPU.ActiveCfg = Release|Any CPU
		{06A0A7E7-2307-4914-B4D1-6421FD885765}.Release|Any CPU.Build.0 = Release|Any CPU
		{06A0A7E7-2307-4914-B4D1-6421FD885765}.Release|Any CPU.Deploy.0 = Release|Any CPU
		{06A0A7E7-2307-4914-B4D1-6421FD885765}.Release|iPhone.ActiveCfg = Release|Any CPU
		{06A0A7E7-2307-4914-B4D1-6421FD885765}.Release|iPhone.Build.0 = Release|Any CPU
		{06A0A7E7-2307-4914-B4D1-6421FD885765}.Release|iPhone.Deploy.0 = Release|Any CPU
		{06A0A7E7-2307-4914-B4D1-6421FD885765}.Release|iPhoneSimulator.ActiveCfg = Release|Any CPU
		{06A0A7E7-2307-4914-B4D1-6421FD885765}.Release|iPhoneSimulator.Build.0 = Release|Any CPU
		{06A0A7E7-2307-4914-B4D1-6421FD885765}.Release|iPhoneSimulator.Deploy.0 = Release|Any CPU
		{83C724A6-B01E-4596-8372-11D717722D23}.Debug|Any CPU.ActiveCfg = Debug|iPhone
		{83C724A6-B01E-4596-8372-11D717722D23}.Debug|Any CPU.Build.0 = Debug|iPhone
		{83C724A6-B01E-4596-8372-11D717722D23}.Debug|Any CPU.Deploy.0 = Debug|iPhone
		{83C724A6-B01E-4596-8372-11D717722D23}.Debug|iPhone.ActiveCfg = Debug|iPhone
		{83C724A6-B01E-4596-8372-11D717722D23}.Debug|iPhone.Build.0 = Debug|iPhone
		{83C724A6-B01E-4596-8372-11D717722D23}.Debug|iPhone.Deploy.0 = Debug|iPhone
		{83C724A6-B01E-4596-8372-11D717722D23}.Debug|iPhoneSimulator.ActiveCfg = Debug|iPhoneSimulator
		{83C724A6-B01E-4596-8372-11D717722D23}.Debug|iPhoneSimulator.Build.0 = Debug|iPhoneSimulator
		{83C724A6-B01E-4596-8372-11D717722D23}.Debug|iPhoneSimulator.Deploy.0 = Debug|iPhoneSimulator
		{83C724A6-B01E-4596-8372-11D717722D23}.Release|Any CPU.ActiveCfg = Release|iPhone
		{83C724A6-B01E-4596-8372-11D717722D23}.Release|Any CPU.Build.0 = Release|iPhone
		{83C724A6-B01E-4596-8372-11D717722D23}.Release|Any CPU.Deploy.0 = Release|iPhone
		{83C724A6-B01E-4596-8372-11D717722D23}.Release|iPhone.ActiveCfg = Release|iPhone
		{83C724A6-B01E-4596-8372-11D717722D23}.Release|iPhone.Build.0 = Release|iPhone
		{83C724A6-B01E-4596-8372-11D717722D23}.Release|iPhone.Deploy.0 = Release|iPhone
		{83C724A6-B01E-4596-8372-11D717722D23}.Release|iPhoneSimulator.ActiveCfg = Release|iPhoneSimulator
		{83C724A6-B01E-4596-8372-11D717722D23}.Release|iPhoneSimulator.Build.0 = Release|iPhoneSimulator
		{83C724A6-B01E-4596-8372-11D717722D23}.Release|iPhoneSimulator.Deploy.0 = Release|iPhoneSimulator
		{698DA51C-C96D-46B1-BF7E-7CD00956A03B}.Debug|Any CPU.ActiveCfg = Debug|Any CPU
		{698DA51C-C96D-46B1-BF7E-7CD00956A03B}.Debug|Any CPU.Build.0 = Debug|Any CPU
		{698DA51C-C96D-46B1-BF7E-7CD00956A03B}.Debug|Any CPU.Deploy.0 = Debug|Any CPU
		{698DA51C-C96D-46B1-BF7E-7CD00956A03B}.Debug|iPhone.ActiveCfg = Debug|Any CPU
		{698DA51C-C96D-46B1-BF7E-7CD00956A03B}.Debug|iPhone.Build.0 = Debug|Any CPU
		{698DA51C-C96D-46B1-BF7E-7CD00956A03B}.Debug|iPhone.Deploy.0 = Debug|Any CPU
		{698DA51C-C96D-46B1-BF7E-7CD00956A03B}.Debug|iPhoneSimulator.ActiveCfg = Debug|Any CPU
		{698DA51C-C96D-46B1-BF7E-7CD00956A03B}.Debug|iPhoneSimulator.Build.0 = Debug|Any CPU
		{698DA51C-C96D-46B1-BF7E-7CD00956A03B}.Debug|iPhoneSimulator.Deploy.0 = Debug|Any CPU
		{698DA51C-C96D-46B1-BF7E-7CD00956A03B}.Release|Any CPU.ActiveCfg = Release|Any CPU
		{698DA51C-C96D-46B1-BF7E-7CD00956A03B}.Release|Any CPU.Build.0 = Release|Any CPU
		{698DA51C-C96D-46B1-BF7E-7CD00956A03B}.Release|Any CPU.Deploy.0 = Release|Any CPU
		{698DA51C-C96D-46B1-BF7E-7CD00956A03B}.Release|iPhone.ActiveCfg = Release|Any CPU
		{698DA51C-C96D-46B1-BF7E-7CD00956A03B}.Release|iPhone.Build.0 = Release|Any CPU
		{698DA51C-C96D-46B1-BF7E-7CD00956A03B}.Release|iPhone.Deploy.0 = Release|Any CPU
		{698DA51C-C96D-46B1-BF7E-7CD00956A03B}.Release|iPhoneSimulator.ActiveCfg = Release|Any CPU
		{698DA51C-C96D-46B1-BF7E-7CD00956A03B}.Release|iPhoneSimulator.Build.0 = Release|Any CPU
		{698DA51C-C96D-46B1-BF7E-7CD00956A03B}.Release|iPhoneSimulator.Deploy.0 = Release|Any CPU
	EndGlobalSection
	GlobalSection(SolutionProperties) = preSolution
		HideSolutionNode = FALSE
	EndGlobalSection
	GlobalSection(ExtensibilityGlobals) = postSolution
		SolutionGuid = {CE3EAB01-79E2-43EE-B957-B0561294B38B}
	EndGlobalSection
EndGlobal
